// !$*UTF8*$!
{
	archiveVersion = 1;
	classes = {
	};
	objectVersion = 50;
	objects = {

/* Begin PBXBuildFile section */
		F713C5C1260C385F00A90298 /* AppDelegate.swift in Sources */ = {isa = PBXBuildFile; fileRef = F713C5C0260C385F00A90298 /* AppDelegate.swift */; };
		F713C5C3260C385F00A90298 /* SceneDelegate.swift in Sources */ = {isa = PBXBuildFile; fileRef = F713C5C2260C385F00A90298 /* SceneDelegate.swift */; };
		F713C5C5260C385F00A90298 /* ContentView.swift in Sources */ = {isa = PBXBuildFile; fileRef = F713C5C4260C385F00A90298 /* ContentView.swift */; };
		F713C5C7260C386100A90298 /* Assets.xcassets in Resources */ = {isa = PBXBuildFile; fileRef = F713C5C6260C386100A90298 /* Assets.xcassets */; };
		F713C5CA260C386100A90298 /* Preview Assets.xcassets in Resources */ = {isa = PBXBuildFile; fileRef = F713C5C9260C386100A90298 /* Preview Assets.xcassets */; };
		F713C5CD260C386100A90298 /* LaunchScreen.storyboard in Resources */ = {isa = PBXBuildFile; fileRef = F713C5CB260C386100A90298 /* LaunchScreen.storyboard */; };
/* End PBXBuildFile section */

/* Begin PBXFileReference section */
		F713C5BD260C385F00A90298 /* Udder3.app */ = {isa = PBXFileReference; explicitFileType = wrapper.application; includeInIndex = 0; path = Udder3.app; sourceTree = BUILT_PRODUCTS_DIR; };
		F713C5C0260C385F00A90298 /* AppDelegate.swift */ = {isa = PBXFileReference; lastKnownFileType = sourcecode.swift; path = AppDelegate.swift; sourceTree = "<group>"; };
		F713C5C2260C385F00A90298 /* SceneDelegate.swift */ = {isa = PBXFileReference; lastKnownFileType = sourcecode.swift; path = SceneDelegate.swift; sourceTree = "<group>"; };
		F713C5C4260C385F00A90298 /* ContentView.swift */ = {isa = PBXFileReference; lastKnownFileType = sourcecode.swift; path = ContentView.swift; sourceTree = "<group>"; };
		F713C5C6260C386100A90298 /* Assets.xcassets */ = {isa = PBXFileReference; lastKnownFileType = folder.assetcatalog; path = Assets.xcassets; sourceTree = "<group>"; };
		F713C5C9260C386100A90298 /* Preview Assets.xcassets */ = {isa = PBXFileReference; lastKnownFileType = folder.assetcatalog; path = "Preview Assets.xcassets"; sourceTree = "<group>"; };
		F713C5CC260C386100A90298 /* Base */ = {isa = PBXFileReference; lastKnownFileType = file.storyboard; name = Base; path = Base.lproj/LaunchScreen.storyboard; sourceTree = "<group>"; };
		F713C5CE260C386100A90298 /* Info.plist */ = {isa = PBXFileReference; lastKnownFileType = text.plist.xml; path = Info.plist; sourceTree = "<group>"; };
/* End PBXFileReference section */

/* Begin PBXFrameworksBuildPhase section */
		F713C5BA260C385F00A90298 /* Frameworks */ = {
			isa = PBXFrameworksBuildPhase;
			buildActionMask = 2147483647;
			files = (
			);
			runOnlyForDeploymentPostprocessing = 0;
		};
/* End PBXFrameworksBuildPhase section */

/* Begin PBXGroup section */
		F713C5B4260C385F00A90298 = {
			isa = PBXGroup;
			children = (
				F713C5BF260C385F00A90298 /* Udder3 */,
				F713C5BE260C385F00A90298 /* Products */,
			);
			sourceTree = "<group>";
		};
		F713C5BE260C385F00A90298 /* Products */ = {
			isa = PBXGroup;
			children = (
				F713C5BD260C385F00A90298 /* Udder3.app */,
			);
			name = Products;
			sourceTree = "<group>";
		};
		F713C5BF260C385F00A90298 /* Udder3 */ = {
			isa = PBXGroup;
			children = (
				F713C5C0260C385F00A90298 /* AppDelegate.swift */,
				F713C5C2260C385F00A90298 /* SceneDelegate.swift */,
				F713C5C4260C385F00A90298 /* ContentView.swift */,
				F713C5C6260C386100A90298 /* Assets.xcassets */,
				F713C5CB260C386100A90298 /* LaunchScreen.storyboard */,
				F713C5CE260C386100A90298 /* Info.plist */,
				F713C5C8260C386100A90298 /* Preview Content */,
			);
			path = Udder3;
			sourceTree = "<group>";
		};
		F713C5C8260C386100A90298 /* Preview Content */ = {
			isa = PBXGroup;
			children = (
				F713C5C9260C386100A90298 /* Preview Assets.xcassets */,
			);
			path = "Preview Content";
			sourceTree = "<group>";
		};
/* End PBXGroup section */

/* Begin PBXNativeTarget section */
		F713C5BC260C385F00A90298 /* Udder3 */ = {
			isa = PBXNativeTarget;
			buildConfigurationList = F713C5D1260C386100A90298 /* Build configuration list for PBXNativeTarget "Udder3" */;
			buildPhases = (
				F713C5B9260C385F00A90298 /* Sources */,
				F713C5BA260C385F00A90298 /* Frameworks */,
				F713C5BB260C385F00A90298 /* Resources */,
			);
			buildRules = (
			);
			dependencies = (
			);
			name = Udder3;
			productName = Udder3;
			productReference = F713C5BD260C385F00A90298 /* Udder3.app */;
			productType = "com.apple.product-type.application";
		};
/* End PBXNativeTarget section */

/* Begin PBXProject section */
		F713C5B5260C385F00A90298 /* Project object */ = {
			isa = PBXProject;
			attributes = {
				LastSwiftUpdateCheck = 1230;
				LastUpgradeCheck = 1230;
				TargetAttributes = {
					F713C5BC260C385F00A90298 = {
						CreatedOnToolsVersion = 12.3;
					};
				};
			};
			buildConfigurationList = F713C5B8260C385F00A90298 /* Build configuration list for PBXProject "Udder3" */;
			compatibilityVersion = "Xcode 9.3";
			developmentRegion = en;
			hasScannedForEncodings = 0;
			knownRegions = (
				en,
				Base,
			);
			mainGroup = F713C5B4260C385F00A90298;
			productRefGroup = F713C5BE260C385F00A90298 /* Products */;
			projectDirPath = "";
			projectRoot = "";
			targets = (
				F713C5BC260C385F00A90298 /* Udder3 */,
			);
		};
/* End PBXProject section */

/* Begin PBXResourcesBuildPhase section */
		F713C5BB260C385F00A90298 /* Resources */ = {
			isa = PBXResourcesBuildPhase;
			buildActionMask = 2147483647;
			files = (
				F713C5CD260C386100A90298 /* LaunchScreen.storyboard in Resources */,
				F713C5CA260C386100A90298 /* Preview Assets.xcassets in Resources */,
				F713C5C7260C386100A90298 /* Assets.xcassets in Resources */,
			);
			runOnlyForDeploymentPostprocessing = 0;
		};
/* End PBXResourcesBuildPhase section */

/* Begin PBXSourcesBuildPhase section */
		F713C5B9260C385F00A90298 /* Sources */ = {
			isa = PBXSourcesBuildPhase;
			buildActionMask = 2147483647;
			files = (
				F713C5C1260C385F00A90298 /* AppDelegate.swift in Sources */,
				F713C5C3260C385F00A90298 /* SceneDelegate.swift in Sources */,
				F713C5C5260C385F00A90298 /* ContentView.swift in Sources */,
			);
			runOnlyForDeploymentPostprocessing = 0;
		};
/* End PBXSourcesBuildPhase section */

/* Begin PBXVariantGroup section */
		F713C5CB260C386100A90298 /* LaunchScreen.storyboard */ = {
			isa = PBXVariantGroup;
			children = (
				F713C5CC260C386100A90298 /* Base */,
			);
			name = LaunchScreen.storyboard;
			sourceTree = "<group>";
		};
/* End PBXVariantGroup section */

/* Begin XCBuildConfiguration section */
		F713C5CF260C386100A90298 /* Debug */ = {
			isa = XCBuildConfiguration;
			buildSettings = {
				ALWAYS_SEARCH_USER_PATHS = NO;
				CLANG_ANALYZER_NONNULL = YES;
				CLANG_ANALYZER_NUMBER_OBJECT_CONVERSION = YES_AGGRESSIVE;
				CLANG_CXX_LANGUAGE_STANDARD = "gnu++14";
				CLANG_CXX_LIBRARY = "libc++";
				CLANG_ENABLE_MODULES = YES;
				CLANG_ENABLE_OBJC_ARC = YES;
				CLANG_ENABLE_OBJC_WEAK = YES;
				CLANG_WARN_BLOCK_CAPTURE_AUTORELEASING = YES;
				CLANG_WARN_BOOL_CONVERSION = YES;
				CLANG_WARN_COMMA = YES;
				CLANG_WARN_CONSTANT_CONVERSION = YES;
				CLANG_WARN_DEPRECATED_OBJC_IMPLEMENTATIONS = YES;
				CLANG_WARN_DIRECT_OBJC_ISA_USAGE = YES_ERROR;
				CLANG_WARN_DOCUMENTATION_COMMENTS = YES;
				CLANG_WARN_EMPTY_BODY = YES;
				CLANG_WARN_ENUM_CONVERSION = YES;
				CLANG_WARN_INFINITE_RECURSION = YES;
				CLANG_WARN_INT_CONVERSION = YES;
				CLANG_WARN_NON_LITERAL_NULL_CONVERSION = YES;
				CLANG_WARN_OBJC_IMPLICIT_RETAIN_SELF = YES;
				CLANG_WARN_OBJC_LITERAL_CONVERSION = YES;
				CLANG_WARN_OBJC_ROOT_CLASS = YES_ERROR;
				CLANG_WARN_QUOTED_INCLUDE_IN_FRAMEWORK_HEADER = YES;
				CLANG_WARN_RANGE_LOOP_ANALYSIS = YES;
				CLANG_WARN_STRICT_PROTOTYPES = YES;
				CLANG_WARN_SUSPICIOUS_MOVE = YES;
				CLANG_WARN_UNGUARDED_AVAILABILITY = YES_AGGRESSIVE;
				CLANG_WARN_UNREACHABLE_CODE = YES;
				CLANG_WARN__DUPLICATE_METHOD_MATCH = YES;
				COPY_PHASE_STRIP = NO;
				DEBUG_INFORMATION_FORMAT = dwarf;
				ENABLE_STRICT_OBJC_MSGSEND = YES;
				ENABLE_TESTABILITY = YES;
				GCC_C_LANGUAGE_STANDARD = gnu11;
				GCC_DYNAMIC_NO_PIC = NO;
				GCC_NO_COMMON_BLOCKS = YES;
				GCC_OPTIMIZATION_LEVEL = 0;
				GCC_PREPROCESSOR_DEFINITIONS = (
					"DEBUG=1",
					"$(inherited)",
				);
				GCC_WARN_64_TO_32_BIT_CONVERSION = YES;
				GCC_WARN_ABOUT_RETURN_TYPE = YES_ERROR;
				GCC_WARN_UNDECLARED_SELECTOR = YES;
				GCC_WARN_UNINITIALIZED_AUTOS = YES_AGGRESSIVE;
				GCC_WARN_UNUSED_FUNCTION = YES;
				GCC_WARN_UNUSED_VARIABLE = YES;
				IPHONEOS_DEPLOYMENT_TARGET = 14.3;
				MTL_ENABLE_DEBUG_INFO = INCLUDE_SOURCE;
				MTL_FAST_MATH = YES;
				ONLY_ACTIVE_ARCH = YES;
				SDKROOT = iphoneos;
				SWIFT_ACTIVE_COMPILATION_CONDITIONS = DEBUG;
				SWIFT_OPTIMIZATION_LEVEL = "-Onone";
			};
			name = Debug;
		};
		F713C5D0260C386100A90298 /* Release */ = {
			isa = XCBuildConfiguration;
			buildSettings = {
				ALWAYS_SEARCH_USER_PATHS = NO;
				CLANG_ANALYZER_NONNULL = YES;
				CLANG_ANALYZER_NUMBER_OBJECT_CONVERSION = YES_AGGRESSIVE;
				CLANG_CXX_LANGUAGE_STANDARD = "gnu++14";
				CLANG_CXX_LIBRARY = "libc++";
				CLANG_ENABLE_MODULES = YES;
				CLANG_ENABLE_OBJC_ARC = YES;
				CLANG_ENABLE_OBJC_WEAK = YES;
				CLANG_WARN_BLOCK_CAPTURE_AUTORELEASING = YES;
				CLANG_WARN_BOOL_CONVERSION = YES;
				CLANG_WARN_COMMA = YES;
				CLANG_WARN_CONSTANT_CONVERSION = YES;
				CLANG_WARN_DEPRECATED_OBJC_IMPLEMENTATIONS = YES;
				CLANG_WARN_DIRECT_OBJC_ISA_USAGE = YES_ERROR;
				CLANG_WARN_DOCUMENTATION_COMMENTS = YES;
				CLANG_WARN_EMPTY_BODY = YES;
				CLANG_WARN_ENUM_CONVERSION = YES;
				CLANG_WARN_INFINITE_RECURSION = YES;
				CLANG_WARN_INT_CONVERSION = YES;
				CLANG_WARN_NON_LITERAL_NULL_CONVERSION = YES;
				CLANG_WARN_OBJC_IMPLICIT_RETAIN_SELF = YES;
				CLANG_WARN_OBJC_LITERAL_CONVERSION = YES;
				CLANG_WARN_OBJC_ROOT_CLASS = YES_ERROR;
				CLANG_WARN_QUOTED_INCLUDE_IN_FRAMEWORK_HEADER = YES;
				CLANG_WARN_RANGE_LOOP_ANALYSIS = YES;
				CLANG_WARN_STRICT_PROTOTYPES = YES;
				CLANG_WARN_SUSPICIOUS_MOVE = YES;
				CLANG_WARN_UNGUARDED_AVAILABILITY = YES_AGGRESSIVE;
				CLANG_WARN_UNREACHABLE_CODE = YES;
				CLANG_WARN__DUPLICATE_METHOD_MATCH = YES;
				COPY_PHASE_STRIP = NO;
				DEBUG_INFORMATION_FORMAT = "dwarf-with-dsym";
				ENABLE_NS_ASSERTIONS = NO;
				ENABLE_STRICT_OBJC_MSGSEND = YES;
				GCC_C_LANGUAGE_STANDARD = gnu11;
				GCC_NO_COMMON_BLOCKS = YES;
				GCC_WARN_64_TO_32_BIT_CONVERSION = YES;
				GCC_WARN_ABOUT_RETURN_TYPE = YES_ERROR;
				GCC_WARN_UNDECLARED_SELECTOR = YES;
				GCC_WARN_UNINITIALIZED_AUTOS = YES_AGGRESSIVE;
				GCC_WARN_UNUSED_FUNCTION = YES;
				GCC_WARN_UNUSED_VARIABLE = YES;
				IPHONEOS_DEPLOYMENT_TARGET = 14.3;
				MTL_ENABLE_DEBUG_INFO = NO;
				MTL_FAST_MATH = YES;
				SDKROOT = iphoneos;
				SWIFT_COMPILATION_MODE = wholemodule;
				SWIFT_OPTIMIZATION_LEVEL = "-O";
				VALIDATE_PRODUCT = YES;
			};
			name = Release;
		};
		F713C5D2260C386100A90298 /* Debug */ = {
			isa = XCBuildConfiguration;
			buildSettings = {
				ASSETCATALOG_COMPILER_APPICON_NAME = AppIcon;
				ASSETCATALOG_COMPILER_GLOBAL_ACCENT_COLOR_NAME = AccentColor;
				CODE_SIGN_STYLE = Automatic;
				DEVELOPMENT_ASSET_PATHS = "\"Udder3/Preview Content\"";
				DEVELOPMENT_TEAM = 53V48VAMPV;
				ENABLE_PREVIEWS = YES;
				INFOPLIST_FILE = Udder3/Info.plist;
				LD_RUNPATH_SEARCH_PATHS = (
					"$(inherited)",
					"@executable_path/Frameworks",
				);
				PRODUCT_BUNDLE_IDENTIFIER = com.vladimirkratinov.Udder3;
				PRODUCT_NAME = "$(TARGET_NAME)";
				SWIFT_VERSION = 5.0;
				TARGETED_DEVICE_FAMILY = "1,2";
			};
			name = Debug;
		};
		F713C5D3260C386100A90298 /* Release */ = {
			isa = XCBuildConfiguration;
			buildSettings = {
				ASSETCATALOG_COMPILER_APPICON_NAME = AppIcon;
				ASSETCATALOG_COMPILER_GLOBAL_ACCENT_COLOR_NAME = AccentColor;
				CODE_SIGN_STYLE = Automatic;
				DEVELOPMENT_ASSET_PATHS = "\"Udder3/Preview Content\"";
				DEVELOPMENT_TEAM = 53V48VAMPV;
				ENABLE_PREVIEWS = YES;
				INFOPLIST_FILE = Udder3/Info.plist;
				LD_RUNPATH_SEARCH_PATHS = (
					"$(inherited)",
					"@executable_path/Frameworks",
				);
				PRODUCT_BUNDLE_IDENTIFIER = com.vladimirkratinov.Udder3;
				PRODUCT_NAME = "$(TARGET_NAME)";
				SWIFT_VERSION = 5.0;
				TARGETED_DEVICE_FAMILY = "1,2";
			};
			name = Release;
		};
/* End XCBuildConfiguration section */

/* Begin XCConfigurationList section */
		F713C5B8260C385F00A90298 /* Build configuration list for PBXProject "Udder3" */ = {
			isa = XCConfigurationList;
			buildConfigurations = (
				F713C5CF260C386100A90298 /* Debug */,
				F713C5D0260C386100A90298 /* Release */,
			);
			defaultConfigurationIsVisible = 0;
			defaultConfigurationName = Release;
		};
		F713C5D1260C386100A90298 /* Build configuration list for PBXNativeTarget "Udder3" */ = {
			isa = XCConfigurationList;
			buildConfigurations = (
				F713C5D2260C386100A90298 /* Debug */,
				F713C5D3260C386100A90298 /* Release */,
			);
			defaultConfigurationIsVisible = 0;
			defaultConfigurationName = Release;
		};
/* End XCConfigurationList section */
	};
	rootObject = F713C5B5260C385F00A90298 /* Project object */;
}
